// !$*UTF8*$!
{
	archiveVersion = 1;
	classes = {
	};
	objectVersion = 51;
	objects = {

/* Begin PBXBuildFile section */
		18D390DED6C7BC7023BB71F7 /* Pods_Marshmallow_iOS.framework in Frameworks */ = {isa = PBXBuildFile; fileRef = 04E8A24CBFEDC913EB9CF32B /* Pods_Marshmallow_iOS.framework */; };
		33DCB3DC2569634500DDF92B /* AppDelegate.swift in Sources */ = {isa = PBXBuildFile; fileRef = 33DCB3DB2569634500DDF92B /* AppDelegate.swift */; };
		33DCB3DE2569634500DDF92B /* SceneDelegate.swift in Sources */ = {isa = PBXBuildFile; fileRef = 33DCB3DD2569634500DDF92B /* SceneDelegate.swift */; };
		33DCB3E02569634500DDF92B /* ViewController.swift in Sources */ = {isa = PBXBuildFile; fileRef = 33DCB3DF2569634500DDF92B /* ViewController.swift */; };
		33DCB3E32569634500DDF92B /* Main.storyboard in Resources */ = {isa = PBXBuildFile; fileRef = 33DCB3E12569634500DDF92B /* Main.storyboard */; };
		33DCB3E52569634600DDF92B /* Assets.xcassets in Resources */ = {isa = PBXBuildFile; fileRef = 33DCB3E42569634600DDF92B /* Assets.xcassets */; };
		33DCB3E82569634600DDF92B /* LaunchScreen.storyboard in Resources */ = {isa = PBXBuildFile; fileRef = 33DCB3E62569634600DDF92B /* LaunchScreen.storyboard */; };
		33DCB4022569658500DDF92B /* GenericResponse.swift in Sources */ = {isa = PBXBuildFile; fileRef = 33DCB4012569658500DDF92B /* GenericResponse.swift */; };
		33DCB4062569658F00DDF92B /* File.swift in Sources */ = {isa = PBXBuildFile; fileRef = 33DCB4052569658F00DDF92B /* File.swift */; };
		33DCB411256965B100DDF92B /* Cells.swift in Sources */ = {isa = PBXBuildFile; fileRef = 33DCB410256965B100DDF92B /* Cells.swift */; };
		33DCB414256965BC00DDF92B /* Fonts.swift in Sources */ = {isa = PBXBuildFile; fileRef = 33DCB413256965BC00DDF92B /* Fonts.swift */; };
		33DCB417256965DE00DDF92B /* APIConstants.swift in Sources */ = {isa = PBXBuildFile; fileRef = 33DCB416256965DE00DDF92B /* APIConstants.swift */; };
		33DCB41B256970AC00DDF92B /* MashmallowCreate.storyboard in Resources */ = {isa = PBXBuildFile; fileRef = 33DCB41A256970AC00DDF92B /* MashmallowCreate.storyboard */; };
		33DCB41E256970EF00DDF92B /* MashmallowCreateVC.swift in Sources */ = {isa = PBXBuildFile; fileRef = 33DCB41D256970EF00DDF92B /* MashmallowCreateVC.swift */; };
		33DCB422256974A000DDF92B /* SetGoalAndTimeTVCell.swift in Sources */ = {isa = PBXBuildFile; fileRef = 33DCB421256974A000DDF92B /* SetGoalAndTimeTVCell.swift */; };
		33DCB426256974E400DDF92B /* SetNicknameTVCell.swift in Sources */ = {isa = PBXBuildFile; fileRef = 33DCB425256974E400DDF92B /* SetNicknameTVCell.swift */; };
		33DCB4292569750900DDF92B /* SetToDoListTVCell.swift in Sources */ = {isa = PBXBuildFile; fileRef = 33DCB4282569750900DDF92B /* SetToDoListTVCell.swift */; };
		33DCB43225697AB000DDF92B /* CompleteBtnTouchTVCell.swift in Sources */ = {isa = PBXBuildFile; fileRef = 33DCB43125697AB000DDF92B /* CompleteBtnTouchTVCell.swift */; };
		33DCB43825699B4E00DDF92B /* CreateDatePickerVC.swift in Sources */ = {isa = PBXBuildFile; fileRef = 33DCB43725699B4E00DDF92B /* CreateDatePickerVC.swift */; };
/* End PBXBuildFile section */

/* Begin PBXFileReference section */
		04E8A24CBFEDC913EB9CF32B /* Pods_Marshmallow_iOS.framework */ = {isa = PBXFileReference; explicitFileType = wrapper.framework; includeInIndex = 0; path = Pods_Marshmallow_iOS.framework; sourceTree = BUILT_PRODUCTS_DIR; };
		33DCB3D82569634500DDF92B /* Marshmallow_iOS.app */ = {isa = PBXFileReference; explicitFileType = wrapper.application; includeInIndex = 0; path = Marshmallow_iOS.app; sourceTree = BUILT_PRODUCTS_DIR; };
		33DCB3DB2569634500DDF92B /* AppDelegate.swift */ = {isa = PBXFileReference; lastKnownFileType = sourcecode.swift; path = AppDelegate.swift; sourceTree = "<group>"; };
		33DCB3DD2569634500DDF92B /* SceneDelegate.swift */ = {isa = PBXFileReference; lastKnownFileType = sourcecode.swift; path = SceneDelegate.swift; sourceTree = "<group>"; };
		33DCB3DF2569634500DDF92B /* ViewController.swift */ = {isa = PBXFileReference; lastKnownFileType = sourcecode.swift; path = ViewController.swift; sourceTree = "<group>"; };
		33DCB3E22569634500DDF92B /* Base */ = {isa = PBXFileReference; lastKnownFileType = file.storyboard; name = Base; path = Base.lproj/Main.storyboard; sourceTree = "<group>"; };
		33DCB3E42569634600DDF92B /* Assets.xcassets */ = {isa = PBXFileReference; lastKnownFileType = folder.assetcatalog; path = Assets.xcassets; sourceTree = "<group>"; };
		33DCB3E72569634600DDF92B /* Base */ = {isa = PBXFileReference; lastKnownFileType = file.storyboard; name = Base; path = Base.lproj/LaunchScreen.storyboard; sourceTree = "<group>"; };
		33DCB3E92569634600DDF92B /* Info.plist */ = {isa = PBXFileReference; lastKnownFileType = text.plist.xml; path = Info.plist; sourceTree = "<group>"; };
		33DCB4012569658500DDF92B /* GenericResponse.swift */ = {isa = PBXFileReference; lastKnownFileType = sourcecode.swift; path = GenericResponse.swift; sourceTree = "<group>"; };
		33DCB4052569658F00DDF92B /* File.swift */ = {isa = PBXFileReference; lastKnownFileType = sourcecode.swift; path = File.swift; sourceTree = "<group>"; };
		33DCB410256965B100DDF92B /* Cells.swift */ = {isa = PBXFileReference; lastKnownFileType = sourcecode.swift; path = Cells.swift; sourceTree = "<group>"; };
		33DCB413256965BC00DDF92B /* Fonts.swift */ = {isa = PBXFileReference; lastKnownFileType = sourcecode.swift; path = Fonts.swift; sourceTree = "<group>"; };
		33DCB416256965DE00DDF92B /* APIConstants.swift */ = {isa = PBXFileReference; lastKnownFileType = sourcecode.swift; path = APIConstants.swift; sourceTree = "<group>"; };
		33DCB41A256970AC00DDF92B /* MashmallowCreate.storyboard */ = {isa = PBXFileReference; lastKnownFileType = file.storyboard; path = MashmallowCreate.storyboard; sourceTree = "<group>"; };
		33DCB41D256970EF00DDF92B /* MashmallowCreateVC.swift */ = {isa = PBXFileReference; lastKnownFileType = sourcecode.swift; path = MashmallowCreateVC.swift; sourceTree = "<group>"; };
		33DCB421256974A000DDF92B /* SetGoalAndTimeTVCell.swift */ = {isa = PBXFileReference; lastKnownFileType = sourcecode.swift; path = SetGoalAndTimeTVCell.swift; sourceTree = "<group>"; };
		33DCB425256974E400DDF92B /* SetNicknameTVCell.swift */ = {isa = PBXFileReference; lastKnownFileType = sourcecode.swift; path = SetNicknameTVCell.swift; sourceTree = "<group>"; };
		33DCB4282569750900DDF92B /* SetToDoListTVCell.swift */ = {isa = PBXFileReference; lastKnownFileType = sourcecode.swift; path = SetToDoListTVCell.swift; sourceTree = "<group>"; };
		33DCB43125697AB000DDF92B /* CompleteBtnTouchTVCell.swift */ = {isa = PBXFileReference; lastKnownFileType = sourcecode.swift; path = CompleteBtnTouchTVCell.swift; sourceTree = "<group>"; };
		33DCB43725699B4E00DDF92B /* CreateDatePickerVC.swift */ = {isa = PBXFileReference; lastKnownFileType = sourcecode.swift; path = CreateDatePickerVC.swift; sourceTree = "<group>"; };
		C388999A73FCABC558C64810 /* Pods-Marshmallow_iOS.release.xcconfig */ = {isa = PBXFileReference; includeInIndex = 1; lastKnownFileType = text.xcconfig; name = "Pods-Marshmallow_iOS.release.xcconfig"; path = "Target Support Files/Pods-Marshmallow_iOS/Pods-Marshmallow_iOS.release.xcconfig"; sourceTree = "<group>"; };
		F599855D0854E638CB77B407 /* Pods-Marshmallow_iOS.debug.xcconfig */ = {isa = PBXFileReference; includeInIndex = 1; lastKnownFileType = text.xcconfig; name = "Pods-Marshmallow_iOS.debug.xcconfig"; path = "Target Support Files/Pods-Marshmallow_iOS/Pods-Marshmallow_iOS.debug.xcconfig"; sourceTree = "<group>"; };
/* End PBXFileReference section */

/* Begin PBXFrameworksBuildPhase section */
		33DCB3D52569634500DDF92B /* Frameworks */ = {
			isa = PBXFrameworksBuildPhase;
			buildActionMask = 2147483647;
			files = (
				18D390DED6C7BC7023BB71F7 /* Pods_Marshmallow_iOS.framework in Frameworks */,
			);
			runOnlyForDeploymentPostprocessing = 0;
		};
/* End PBXFrameworksBuildPhase section */

/* Begin PBXGroup section */
		33DCB3CF2569634500DDF92B = {
			isa = PBXGroup;
			children = (
				33DCB3DA2569634500DDF92B /* Marshmallow_iOS */,
				33DCB3D92569634500DDF92B /* Products */,
				6B45A6AC28DC5DB08E2DD300 /* Pods */,
				69A0F060C4829F9B711955B6 /* Frameworks */,
			);
			sourceTree = "<group>";
		};
		33DCB3D92569634500DDF92B /* Products */ = {
			isa = PBXGroup;
			children = (
				33DCB3D82569634500DDF92B /* Marshmallow_iOS.app */,
			);
			name = Products;
			sourceTree = "<group>";
		};
		33DCB3DA2569634500DDF92B /* Marshmallow_iOS */ = {
			isa = PBXGroup;
			children = (
				33DCB3F6256964E600DDF92B /* Resources */,
				33DCB3F7256964EF00DDF92B /* Sources */,
				33DCB3E92569634600DDF92B /* Info.plist */,
			);
			path = Marshmallow_iOS;
			sourceTree = "<group>";
		};
		33DCB3F6256964E600DDF92B /* Resources */ = {
			isa = PBXGroup;
			children = (
				33DCB3E42569634600DDF92B /* Assets.xcassets */,
				33DCB3DB2569634500DDF92B /* AppDelegate.swift */,
				33DCB3DD2569634500DDF92B /* SceneDelegate.swift */,
				33DCB3FC2569653F00DDF92B /* APIServices */,
				33DCB3FA256964FF00DDF92B /* Storyboards */,
				33DCB3FD2569654E00DDF92B /* Fonts */,
			);
			path = Resources;
			sourceTree = "<group>";
		};
		33DCB3F7256964EF00DDF92B /* Sources */ = {
			isa = PBXGroup;
			children = (
				33DCB3F8256964F900DDF92B /* VCs */,
				33DCB3FE2569655300DDF92B /* Cells */,
				33DCB4002569655F00DDF92B /* Model */,
				33DCB3FF2569655900DDF92B /* Extension */,
			);
			path = Sources;
			sourceTree = "<group>";
		};
		33DCB3F8256964F900DDF92B /* VCs */ = {
			isa = PBXGroup;
			children = (
				33DCB3DF2569634500DDF92B /* ViewController.swift */,
				33DCB41D256970EF00DDF92B /* MashmallowCreateVC.swift */,
				33DCB43725699B4E00DDF92B /* CreateDatePickerVC.swift */,
			);
			path = VCs;
			sourceTree = "<group>";
		};
		33DCB3FA256964FF00DDF92B /* Storyboards */ = {
			isa = PBXGroup;
			children = (
				33DCB3E62569634600DDF92B /* LaunchScreen.storyboard */,
				33DCB3E12569634500DDF92B /* Main.storyboard */,
				33DCB41A256970AC00DDF92B /* MashmallowCreate.storyboard */,
			);
			path = Storyboards;
			sourceTree = "<group>";
		};
		33DCB3FC2569653F00DDF92B /* APIServices */ = {
			isa = PBXGroup;
			children = (
				33DCB416256965DE00DDF92B /* APIConstants.swift */,
			);
			path = APIServices;
			sourceTree = "<group>";
		};
		33DCB3FD2569654E00DDF92B /* Fonts */ = {
			isa = PBXGroup;
			children = (
				33DCB413256965BC00DDF92B /* Fonts.swift */,
			);
			path = Fonts;
			sourceTree = "<group>";
		};
		33DCB3FE2569655300DDF92B /* Cells */ = {
			isa = PBXGroup;
			children = (
				33DCB4202569744E00DDF92B /* MashmallowCreate */,
				33DCB410256965B100DDF92B /* Cells.swift */,
			);
			path = Cells;
			sourceTree = "<group>";
		};
		33DCB3FF2569655900DDF92B /* Extension */ = {
			isa = PBXGroup;
			children = (
				33DCB4052569658F00DDF92B /* File.swift */,
			);
			path = Extension;
			sourceTree = "<group>";
		};
		33DCB4002569655F00DDF92B /* Model */ = {
			isa = PBXGroup;
			children = (
				33DCB4012569658500DDF92B /* GenericResponse.swift */,
			);
			path = Model;
			sourceTree = "<group>";
		};
		33DCB4202569744E00DDF92B /* MashmallowCreate */ = {
			isa = PBXGroup;
			children = (
				33DCB421256974A000DDF92B /* SetGoalAndTimeTVCell.swift */,
				33DCB425256974E400DDF92B /* SetNicknameTVCell.swift */,
				33DCB4282569750900DDF92B /* SetToDoListTVCell.swift */,
				33DCB43125697AB000DDF92B /* CompleteBtnTouchTVCell.swift */,
			);
			path = MashmallowCreate;
			sourceTree = "<group>";
		};
		69A0F060C4829F9B711955B6 /* Frameworks */ = {
			isa = PBXGroup;
			children = (
				04E8A24CBFEDC913EB9CF32B /* Pods_Marshmallow_iOS.framework */,
			);
			name = Frameworks;
			sourceTree = "<group>";
		};
		6B45A6AC28DC5DB08E2DD300 /* Pods */ = {
			isa = PBXGroup;
			children = (
				F599855D0854E638CB77B407 /* Pods-Marshmallow_iOS.debug.xcconfig */,
				C388999A73FCABC558C64810 /* Pods-Marshmallow_iOS.release.xcconfig */,
			);
			path = Pods;
			sourceTree = "<group>";
		};
/* End PBXGroup section */

/* Begin PBXNativeTarget section */
		33DCB3D72569634500DDF92B /* Marshmallow_iOS */ = {
			isa = PBXNativeTarget;
			buildConfigurationList = 33DCB3EC2569634600DDF92B /* Build configuration list for PBXNativeTarget "Marshmallow_iOS" */;
			buildPhases = (
				778846BD088FEC1F0AD2CFFA /* [CP] Check Pods Manifest.lock */,
				33DCB3D42569634500DDF92B /* Sources */,
				33DCB3D52569634500DDF92B /* Frameworks */,
				33DCB3D62569634500DDF92B /* Resources */,
				31C6C2D2C86A6B0487A5E4A2 /* [CP] Embed Pods Frameworks */,
			);
			buildRules = (
			);
			dependencies = (
			);
			name = Marshmallow_iOS;
			productName = Marshmallow_iOS;
			productReference = 33DCB3D82569634500DDF92B /* Marshmallow_iOS.app */;
			productType = "com.apple.product-type.application";
		};
/* End PBXNativeTarget section */

/* Begin PBXProject section */
		33DCB3D02569634500DDF92B /* Project object */ = {
			isa = PBXProject;
			attributes = {
				LastSwiftUpdateCheck = 1220;
				LastUpgradeCheck = 1220;
				TargetAttributes = {
					33DCB3D72569634500DDF92B = {
						CreatedOnToolsVersion = 12.2;
					};
				};
			};
			buildConfigurationList = 33DCB3D32569634500DDF92B /* Build configuration list for PBXProject "Marshmallow_iOS" */;
			compatibilityVersion = "Xcode 9.3";
			developmentRegion = en;
			hasScannedForEncodings = 0;
			knownRegions = (
				en,
				Base,
			);
			mainGroup = 33DCB3CF2569634500DDF92B;
			productRefGroup = 33DCB3D92569634500DDF92B /* Products */;
			projectDirPath = "";
			projectRoot = "";
			targets = (
				33DCB3D72569634500DDF92B /* Marshmallow_iOS */,
			);
		};
/* End PBXProject section */

/* Begin PBXResourcesBuildPhase section */
		33DCB3D62569634500DDF92B /* Resources */ = {
			isa = PBXResourcesBuildPhase;
			buildActionMask = 2147483647;
			files = (
				33DCB3E82569634600DDF92B /* LaunchScreen.storyboard in Resources */,
				33DCB3E52569634600DDF92B /* Assets.xcassets in Resources */,
				33DCB3E32569634500DDF92B /* Main.storyboard in Resources */,
				33DCB41B256970AC00DDF92B /* MashmallowCreate.storyboard in Resources */,
			);
			runOnlyForDeploymentPostprocessing = 0;
		};
/* End PBXResourcesBuildPhase section */

/* Begin PBXShellScriptBuildPhase section */
		31C6C2D2C86A6B0487A5E4A2 /* [CP] Embed Pods Frameworks */ = {
			isa = PBXShellScriptBuildPhase;
			buildActionMask = 2147483647;
			files = (
			);
			inputFileListPaths = (
				"${PODS_ROOT}/Target Support Files/Pods-Marshmallow_iOS/Pods-Marshmallow_iOS-frameworks-${CONFIGURATION}-input-files.xcfilelist",
			);
			name = "[CP] Embed Pods Frameworks";
			outputFileListPaths = (
				"${PODS_ROOT}/Target Support Files/Pods-Marshmallow_iOS/Pods-Marshmallow_iOS-frameworks-${CONFIGURATION}-output-files.xcfilelist",
			);
			runOnlyForDeploymentPostprocessing = 0;
			shellPath = /bin/sh;
			shellScript = "\"${PODS_ROOT}/Target Support Files/Pods-Marshmallow_iOS/Pods-Marshmallow_iOS-frameworks.sh\"\n";
			showEnvVarsInLog = 0;
		};
		778846BD088FEC1F0AD2CFFA /* [CP] Check Pods Manifest.lock */ = {
			isa = PBXShellScriptBuildPhase;
			buildActionMask = 2147483647;
			files = (
			);
			inputFileListPaths = (
			);
			inputPaths = (
				"${PODS_PODFILE_DIR_PATH}/Podfile.lock",
				"${PODS_ROOT}/Manifest.lock",
			);
			name = "[CP] Check Pods Manifest.lock";
			outputFileListPaths = (
			);
			outputPaths = (
				"$(DERIVED_FILE_DIR)/Pods-Marshmallow_iOS-checkManifestLockResult.txt",
			);
			runOnlyForDeploymentPostprocessing = 0;
			shellPath = /bin/sh;
			shellScript = "diff \"${PODS_PODFILE_DIR_PATH}/Podfile.lock\" \"${PODS_ROOT}/Manifest.lock\" > /dev/null\nif [ $? != 0 ] ; then\n    # print error to STDERR\n    echo \"error: The sandbox is not in sync with the Podfile.lock. Run 'pod install' or update your CocoaPods installation.\" >&2\n    exit 1\nfi\n# This output is used by Xcode 'outputs' to avoid re-running this script phase.\necho \"SUCCESS\" > \"${SCRIPT_OUTPUT_FILE_0}\"\n";
			showEnvVarsInLog = 0;
		};
/* End PBXShellScriptBuildPhase section */

/* Begin PBXSourcesBuildPhase section */
		33DCB3D42569634500DDF92B /* Sources */ = {
			isa = PBXSourcesBuildPhase;
			buildActionMask = 2147483647;
			files = (
				33DCB414256965BC00DDF92B /* Fonts.swift in Sources */,
				33DCB426256974E400DDF92B /* SetNicknameTVCell.swift in Sources */,
				33DCB4062569658F00DDF92B /* File.swift in Sources */,
				33DCB411256965B100DDF92B /* Cells.swift in Sources */,
				33DCB4022569658500DDF92B /* GenericResponse.swift in Sources */,
				33DCB41E256970EF00DDF92B /* MashmallowCreateVC.swift in Sources */,
				33DCB43225697AB000DDF92B /* CompleteBtnTouchTVCell.swift in Sources */,
				33DCB4292569750900DDF92B /* SetToDoListTVCell.swift in Sources */,
				33DCB417256965DE00DDF92B /* APIConstants.swift in Sources */,
				33DCB422256974A000DDF92B /* SetGoalAndTimeTVCell.swift in Sources */,
				33DCB3E02569634500DDF92B /* ViewController.swift in Sources */,
				33DCB3DC2569634500DDF92B /* AppDelegate.swift in Sources */,
				33DCB43825699B4E00DDF92B /* CreateDatePickerVC.swift in Sources */,
				33DCB3DE2569634500DDF92B /* SceneDelegate.swift in Sources */,
			);
			runOnlyForDeploymentPostprocessing = 0;
		};
/* End PBXSourcesBuildPhase section */

/* Begin PBXVariantGroup section */
		33DCB3E12569634500DDF92B /* Main.storyboard */ = {
			isa = PBXVariantGroup;
			children = (
				33DCB3E22569634500DDF92B /* Base */,
			);
			name = Main.storyboard;
			sourceTree = "<group>";
		};
		33DCB3E62569634600DDF92B /* LaunchScreen.storyboard */ = {
			isa = PBXVariantGroup;
			children = (
				33DCB3E72569634600DDF92B /* Base */,
			);
			name = LaunchScreen.storyboard;
			sourceTree = "<group>";
		};
/* End PBXVariantGroup section */

/* Begin XCBuildConfiguration section */
		33DCB3EA2569634600DDF92B /* Debug */ = {
			isa = XCBuildConfiguration;
			buildSettings = {
				ALWAYS_SEARCH_USER_PATHS = NO;
				CLANG_ANALYZER_NONNULL = YES;
				CLANG_ANALYZER_NUMBER_OBJECT_CONVERSION = YES_AGGRESSIVE;
				CLANG_CXX_LANGUAGE_STANDARD = "gnu++14";
				CLANG_CXX_LIBRARY = "libc++";
				CLANG_ENABLE_MODULES = YES;
				CLANG_ENABLE_OBJC_ARC = YES;
				CLANG_ENABLE_OBJC_WEAK = YES;
				CLANG_WARN_BLOCK_CAPTURE_AUTORELEASING = YES;
				CLANG_WARN_BOOL_CONVERSION = YES;
				CLANG_WARN_COMMA = YES;
				CLANG_WARN_CONSTANT_CONVERSION = YES;
				CLANG_WARN_DEPRECATED_OBJC_IMPLEMENTATIONS = YES;
				CLANG_WARN_DIRECT_OBJC_ISA_USAGE = YES_ERROR;
				CLANG_WARN_DOCUMENTATION_COMMENTS = YES;
				CLANG_WARN_EMPTY_BODY = YES;
				CLANG_WARN_ENUM_CONVERSION = YES;
				CLANG_WARN_INFINITE_RECURSION = YES;
				CLANG_WARN_INT_CONVERSION = YES;
				CLANG_WARN_NON_LITERAL_NULL_CONVERSION = YES;
				CLANG_WARN_OBJC_IMPLICIT_RETAIN_SELF = YES;
				CLANG_WARN_OBJC_LITERAL_CONVERSION = YES;
				CLANG_WARN_OBJC_ROOT_CLASS = YES_ERROR;
				CLANG_WARN_QUOTED_INCLUDE_IN_FRAMEWORK_HEADER = YES;
				CLANG_WARN_RANGE_LOOP_ANALYSIS = YES;
				CLANG_WARN_STRICT_PROTOTYPES = YES;
				CLANG_WARN_SUSPICIOUS_MOVE = YES;
				CLANG_WARN_UNGUARDED_AVAILABILITY = YES_AGGRESSIVE;
				CLANG_WARN_UNREACHABLE_CODE = YES;
				CLANG_WARN__DUPLICATE_METHOD_MATCH = YES;
				COPY_PHASE_STRIP = NO;
				DEBUG_INFORMATION_FORMAT = dwarf;
				ENABLE_STRICT_OBJC_MSGSEND = YES;
				ENABLE_TESTABILITY = YES;
				GCC_C_LANGUAGE_STANDARD = gnu11;
				GCC_DYNAMIC_NO_PIC = NO;
				GCC_NO_COMMON_BLOCKS = YES;
				GCC_OPTIMIZATION_LEVEL = 0;
				GCC_PREPROCESSOR_DEFINITIONS = (
					"DEBUG=1",
					"$(inherited)",
				);
				GCC_WARN_64_TO_32_BIT_CONVERSION = YES;
				GCC_WARN_ABOUT_RETURN_TYPE = YES_ERROR;
				GCC_WARN_UNDECLARED_SELECTOR = YES;
				GCC_WARN_UNINITIALIZED_AUTOS = YES_AGGRESSIVE;
				GCC_WARN_UNUSED_FUNCTION = YES;
				GCC_WARN_UNUSED_VARIABLE = YES;
				IPHONEOS_DEPLOYMENT_TARGET = 14.2;
				MTL_ENABLE_DEBUG_INFO = INCLUDE_SOURCE;
				MTL_FAST_MATH = YES;
				ONLY_ACTIVE_ARCH = YES;
				SDKROOT = iphoneos;
				SWIFT_ACTIVE_COMPILATION_CONDITIONS = DEBUG;
				SWIFT_OPTIMIZATION_LEVEL = "-Onone";
			};
			name = Debug;
		};
		33DCB3EB2569634600DDF92B /* Release */ = {
			isa = XCBuildConfiguration;
			buildSettings = {
				ALWAYS_SEARCH_USER_PATHS = NO;
				CLANG_ANALYZER_NONNULL = YES;
				CLANG_ANALYZER_NUMBER_OBJECT_CONVERSION = YES_AGGRESSIVE;
				CLANG_CXX_LANGUAGE_STANDARD = "gnu++14";
				CLANG_CXX_LIBRARY = "libc++";
				CLANG_ENABLE_MODULES = YES;
				CLANG_ENABLE_OBJC_ARC = YES;
				CLANG_ENABLE_OBJC_WEAK = YES;
				CLANG_WARN_BLOCK_CAPTURE_AUTORELEASING = YES;
				CLANG_WARN_BOOL_CONVERSION = YES;
				CLANG_WARN_COMMA = YES;
				CLANG_WARN_CONSTANT_CONVERSION = YES;
				CLANG_WARN_DEPRECATED_OBJC_IMPLEMENTATIONS = YES;
				CLANG_WARN_DIRECT_OBJC_ISA_USAGE = YES_ERROR;
				CLANG_WARN_DOCUMENTATION_COMMENTS = YES;
				CLANG_WARN_EMPTY_BODY = YES;
				CLANG_WARN_ENUM_CONVERSION = YES;
				CLANG_WARN_INFINITE_RECURSION = YES;
				CLANG_WARN_INT_CONVERSION = YES;
				CLANG_WARN_NON_LITERAL_NULL_CONVERSION = YES;
				CLANG_WARN_OBJC_IMPLICIT_RETAIN_SELF = YES;
				CLANG_WARN_OBJC_LITERAL_CONVERSION = YES;
				CLANG_WARN_OBJC_ROOT_CLASS = YES_ERROR;
				CLANG_WARN_QUOTED_INCLUDE_IN_FRAMEWORK_HEADER = YES;
				CLANG_WARN_RANGE_LOOP_ANALYSIS = YES;
				CLANG_WARN_STRICT_PROTOTYPES = YES;
				CLANG_WARN_SUSPICIOUS_MOVE = YES;
				CLANG_WARN_UNGUARDED_AVAILABILITY = YES_AGGRESSIVE;
				CLANG_WARN_UNREACHABLE_CODE = YES;
				CLANG_WARN__DUPLICATE_METHOD_MATCH = YES;
				COPY_PHASE_STRIP = NO;
				DEBUG_INFORMATION_FORMAT = "dwarf-with-dsym";
				ENABLE_NS_ASSERTIONS = NO;
				ENABLE_STRICT_OBJC_MSGSEND = YES;
				GCC_C_LANGUAGE_STANDARD = gnu11;
				GCC_NO_COMMON_BLOCKS = YES;
				GCC_WARN_64_TO_32_BIT_CONVERSION = YES;
				GCC_WARN_ABOUT_RETURN_TYPE = YES_ERROR;
				GCC_WARN_UNDECLARED_SELECTOR = YES;
				GCC_WARN_UNINITIALIZED_AUTOS = YES_AGGRESSIVE;
				GCC_WARN_UNUSED_FUNCTION = YES;
				GCC_WARN_UNUSED_VARIABLE = YES;
				IPHONEOS_DEPLOYMENT_TARGET = 14.2;
				MTL_ENABLE_DEBUG_INFO = NO;
				MTL_FAST_MATH = YES;
				SDKROOT = iphoneos;
				SWIFT_COMPILATION_MODE = wholemodule;
				SWIFT_OPTIMIZATION_LEVEL = "-O";
				VALIDATE_PRODUCT = YES;
			};
			name = Release;
		};
		33DCB3ED2569634600DDF92B /* Debug */ = {
			isa = XCBuildConfiguration;
			baseConfigurationReference = F599855D0854E638CB77B407 /* Pods-Marshmallow_iOS.debug.xcconfig */;
			buildSettings = {
				ASSETCATALOG_COMPILER_APPICON_NAME = AppIcon;
				ASSETCATALOG_COMPILER_GLOBAL_ACCENT_COLOR_NAME = AccentColor;
				CODE_SIGN_STYLE = Automatic;
				INFOPLIST_FILE = Marshmallow_iOS/Info.plist;
				LD_RUNPATH_SEARCH_PATHS = (
					"$(inherited)",
					"@executable_path/Frameworks",
				);
				PRODUCT_BUNDLE_IDENTIFIER = "com.swu.hwangji.Marshmallow-iOS";
				PRODUCT_NAME = "$(TARGET_NAME)";
				SWIFT_VERSION = 5.0;
				TARGETED_DEVICE_FAMILY = "1,2";
			};
			name = Debug;
		};
		33DCB3EE2569634600DDF92B /* Release */ = {
			isa = XCBuildConfiguration;
			baseConfigurationReference = C388999A73FCABC558C64810 /* Pods-Marshmallow_iOS.release.xcconfig */;
			buildSettings = {
				ASSETCATALOG_COMPILER_APPICON_NAME = AppIcon;
				ASSETCATALOG_COMPILER_GLOBAL_ACCENT_COLOR_NAME = AccentColor;
				CODE_SIGN_STYLE = Automatic;
				INFOPLIST_FILE = Marshmallow_iOS/Info.plist;
				LD_RUNPATH_SEARCH_PATHS = (
					"$(inherited)",
					"@executable_path/Frameworks",
				);
				PRODUCT_BUNDLE_IDENTIFIER = "com.swu.hwangji.Marshmallow-iOS";
				PRODUCT_NAME = "$(TARGET_NAME)";
				SWIFT_VERSION = 5.0;
				TARGETED_DEVICE_FAMILY = "1,2";
			};
			name = Release;
		};
/* End XCBuildConfiguration section */

/* Begin XCConfigurationList section */
		33DCB3D32569634500DDF92B /* Build configuration list for PBXProject "Marshmallow_iOS" */ = {
			isa = XCConfigurationList;
			buildConfigurations = (
				33DCB3EA2569634600DDF92B /* Debug */,
				33DCB3EB2569634600DDF92B /* Release */,
			);
			defaultConfigurationIsVisible = 0;
			defaultConfigurationName = Release;
		};
		33DCB3EC2569634600DDF92B /* Build configuration list for PBXNativeTarget "Marshmallow_iOS" */ = {
			isa = XCConfigurationList;
			buildConfigurations = (
				33DCB3ED2569634600DDF92B /* Debug */,
				33DCB3EE2569634600DDF92B /* Release */,
			);
			defaultConfigurationIsVisible = 0;
			defaultConfigurationName = Release;
		};
/* End XCConfigurationList section */
	};
	rootObject = 33DCB3D02569634500DDF92B /* Project object */;
}
